// !$*UTF8*$!
{
	archiveVersion = 1;
	classes = {
	};
	objectVersion = 50;
	objects = {

/* Begin PBXBuildFile section */
		3DF825733343411B5E10FCF2 /* Pods_TaxiApp.framework in Frameworks */ = {isa = PBXBuildFile; fileRef = 759B90C027908192DCD52551 /* Pods_TaxiApp.framework */; };
		A03C0F2BEDFC48F963CA2CB4 /* Pods_TaxiAppUITests.framework in Frameworks */ = {isa = PBXBuildFile; fileRef = 05E2A88B094607D85C1EDFA3 /* Pods_TaxiAppUITests.framework */; };
		C604312022BA78A800B87CEB /* RoundedCornerTextField.swift in Sources */ = {isa = PBXBuildFile; fileRef = C604311F22BA78A800B87CEB /* RoundedCornerTextField.swift */; };
		C60F5AC222BF768600EE1460 /* UIViewControllerExtension.swift in Sources */ = {isa = PBXBuildFile; fileRef = C60F5AC122BF768600EE1460 /* UIViewControllerExtension.swift */; };
		C639448922BAFBC00093C641 /* DataService.swift in Sources */ = {isa = PBXBuildFile; fileRef = C639448822BAFBC00093C641 /* DataService.swift */; };
		C639BA7822BF61EC007207EF /* CarTypeTableViewCell.swift in Sources */ = {isa = PBXBuildFile; fileRef = C639BA7722BF61EC007207EF /* CarTypeTableViewCell.swift */; };
		C64DDC0422B63BA8005C0C4E /* AppDelegate.swift in Sources */ = {isa = PBXBuildFile; fileRef = C64DDC0322B63BA8005C0C4E /* AppDelegate.swift */; };
		C64DDC0622B63BA8005C0C4E /* HomeViewController.swift in Sources */ = {isa = PBXBuildFile; fileRef = C64DDC0522B63BA8005C0C4E /* HomeViewController.swift */; };
		C64DDC0922B63BA8005C0C4E /* Main.storyboard in Resources */ = {isa = PBXBuildFile; fileRef = C64DDC0722B63BA8005C0C4E /* Main.storyboard */; };
		C64DDC0C22B63BA8005C0C4E /* TaxiApp.xcdatamodeld in Sources */ = {isa = PBXBuildFile; fileRef = C64DDC0A22B63BA8005C0C4E /* TaxiApp.xcdatamodeld */; };
		C64DDC0E22B63BA9005C0C4E /* Assets.xcassets in Resources */ = {isa = PBXBuildFile; fileRef = C64DDC0D22B63BA9005C0C4E /* Assets.xcassets */; };
		C64DDC1122B63BA9005C0C4E /* LaunchScreen.storyboard in Resources */ = {isa = PBXBuildFile; fileRef = C64DDC0F22B63BA9005C0C4E /* LaunchScreen.storyboard */; };
		C64DDC1C22B63BAA005C0C4E /* TaxiAppTests.swift in Sources */ = {isa = PBXBuildFile; fileRef = C64DDC1B22B63BAA005C0C4E /* TaxiAppTests.swift */; };
		C64DDC2722B63BAA005C0C4E /* TaxiAppUITests.swift in Sources */ = {isa = PBXBuildFile; fileRef = C64DDC2622B63BAA005C0C4E /* TaxiAppUITests.swift */; };
		C64DDC3922B63D0A005C0C4E /* GoogleService-Info.plist in Resources */ = {isa = PBXBuildFile; fileRef = C64DDC3822B63D0A005C0C4E /* GoogleService-Info.plist */; };
		C66EB6F122B9A89B00541197 /* RoundedPickerView.swift in Sources */ = {isa = PBXBuildFile; fileRef = C66EB6F022B9A89B00541197 /* RoundedPickerView.swift */; };
		C67A9A5522C1FC9E00982E45 /* VisaPaymentViewController.swift in Sources */ = {isa = PBXBuildFile; fileRef = C67A9A5422C1FC9E00982E45 /* VisaPaymentViewController.swift */; };
		C69201C622B951310032EE72 /* GradientView.swift in Sources */ = {isa = PBXBuildFile; fileRef = C69201C522B951310032EE72 /* GradientView.swift */; };
		C69201C822B95CE30032EE72 /* RoundImageView.swift in Sources */ = {isa = PBXBuildFile; fileRef = C69201C722B95CE30032EE72 /* RoundImageView.swift */; };
		C69201CA22B95DFF0032EE72 /* RoundedShadowView.swift in Sources */ = {isa = PBXBuildFile; fileRef = C69201C922B95DFF0032EE72 /* RoundedShadowView.swift */; };
		C69201CC22B95EF80032EE72 /* CircleView.swift in Sources */ = {isa = PBXBuildFile; fileRef = C69201CB22B95EF80032EE72 /* CircleView.swift */; };
		C69201CE22B960E90032EE72 /* RoundedShadowButton.swift in Sources */ = {isa = PBXBuildFile; fileRef = C69201CD22B960E90032EE72 /* RoundedShadowButton.swift */; };
		C69201D022B97BA90032EE72 /* LeftSidePanelViewController.swift in Sources */ = {isa = PBXBuildFile; fileRef = C69201CF22B97BA90032EE72 /* LeftSidePanelViewController.swift */; };
		C69201D222B97CAC0032EE72 /* ContainerViewController.swift in Sources */ = {isa = PBXBuildFile; fileRef = C69201D122B97CAC0032EE72 /* ContainerViewController.swift */; };
		C69201D522B97F6F0032EE72 /* CenterViewControllerDelegate.swift in Sources */ = {isa = PBXBuildFile; fileRef = C69201D422B97F6F0032EE72 /* CenterViewControllerDelegate.swift */; };
		C697A73622BBC4F600BEBE45 /* LangAndPermissionsViewController.swift in Sources */ = {isa = PBXBuildFile; fileRef = C697A73522BBC4F600BEBE45 /* LangAndPermissionsViewController.swift */; };
		C697A73822BBCF6000BEBE45 /* UIButtonExtension.swift in Sources */ = {isa = PBXBuildFile; fileRef = C697A73722BBCF6000BEBE45 /* UIButtonExtension.swift */; };
		C697A73A22BBEEB200BEBE45 /* UIAlertExtension.swift in Sources */ = {isa = PBXBuildFile; fileRef = C697A73922BBEEB200BEBE45 /* UIAlertExtension.swift */; };
		C6ABB6A522C1B00E00DE7414 /* ActionSheetExtension.swift in Sources */ = {isa = PBXBuildFile; fileRef = C6ABB6A422C1B00E00DE7414 /* ActionSheetExtension.swift */; };
		C6B4487A22B9C75600358F77 /* UIViewExtension.swift in Sources */ = {isa = PBXBuildFile; fileRef = C6B4487922B9C75600358F77 /* UIViewExtension.swift */; };
		C6B4487C22B9C8C900358F77 /* LoginViewController.swift in Sources */ = {isa = PBXBuildFile; fileRef = C6B4487B22B9C8C900358F77 /* LoginViewController.swift */; };
		C6CCF75B22C04FD80084B008 /* AutoCompleteSearchViewController.swift in Sources */ = {isa = PBXBuildFile; fileRef = C6CCF75A22C04FD80084B008 /* AutoCompleteSearchViewController.swift */; };
		C6CCF75D22C055640084B008 /* RundedShadowUISearchBar.swift in Sources */ = {isa = PBXBuildFile; fileRef = C6CCF75C22C055640084B008 /* RundedShadowUISearchBar.swift */; };
		C6CCF75F22C059910084B008 /* ResultTableViewCell.swift in Sources */ = {isa = PBXBuildFile; fileRef = C6CCF75E22C059910084B008 /* ResultTableViewCell.swift */; };
		DB9ABB12F6D693E327C11B70 /* Pods_TaxiAppTests.framework in Frameworks */ = {isa = PBXBuildFile; fileRef = 31ECFB32BDA4DD44FA31C1CC /* Pods_TaxiAppTests.framework */; };
/* End PBXBuildFile section */

/* Begin PBXContainerItemProxy section */
		C64DDC1822B63BA9005C0C4E /* PBXContainerItemProxy */ = {
			isa = PBXContainerItemProxy;
			containerPortal = C64DDBF822B63BA8005C0C4E /* Project object */;
			proxyType = 1;
			remoteGlobalIDString = C64DDBFF22B63BA8005C0C4E;
			remoteInfo = TaxiApp;
		};
		C64DDC2322B63BAA005C0C4E /* PBXContainerItemProxy */ = {
			isa = PBXContainerItemProxy;
			containerPortal = C64DDBF822B63BA8005C0C4E /* Project object */;
			proxyType = 1;
			remoteGlobalIDString = C64DDBFF22B63BA8005C0C4E;
			remoteInfo = TaxiApp;
		};
/* End PBXContainerItemProxy section */

/* Begin PBXFileReference section */
		05E2A88B094607D85C1EDFA3 /* Pods_TaxiAppUITests.framework */ = {isa = PBXFileReference; explicitFileType = wrapper.framework; includeInIndex = 0; path = Pods_TaxiAppUITests.framework; sourceTree = BUILT_PRODUCTS_DIR; };
		1416252352498F9D73A8CEA2 /* Pods-TaxiAppTests.release.xcconfig */ = {isa = PBXFileReference; includeInIndex = 1; lastKnownFileType = text.xcconfig; name = "Pods-TaxiAppTests.release.xcconfig"; path = "Pods/Target Support Files/Pods-TaxiAppTests/Pods-TaxiAppTests.release.xcconfig"; sourceTree = "<group>"; };
		18F81D70FC60B7B848E6D13B /* Pods-TaxiAppTests.debug.xcconfig */ = {isa = PBXFileReference; includeInIndex = 1; lastKnownFileType = text.xcconfig; name = "Pods-TaxiAppTests.debug.xcconfig"; path = "Pods/Target Support Files/Pods-TaxiAppTests/Pods-TaxiAppTests.debug.xcconfig"; sourceTree = "<group>"; };
		31ECFB32BDA4DD44FA31C1CC /* Pods_TaxiAppTests.framework */ = {isa = PBXFileReference; explicitFileType = wrapper.framework; includeInIndex = 0; path = Pods_TaxiAppTests.framework; sourceTree = BUILT_PRODUCTS_DIR; };
		5DCFBF4E4F3C0ECD7242C406 /* Pods-TaxiAppUITests.release.xcconfig */ = {isa = PBXFileReference; includeInIndex = 1; lastKnownFileType = text.xcconfig; name = "Pods-TaxiAppUITests.release.xcconfig"; path = "Pods/Target Support Files/Pods-TaxiAppUITests/Pods-TaxiAppUITests.release.xcconfig"; sourceTree = "<group>"; };
		759B90C027908192DCD52551 /* Pods_TaxiApp.framework */ = {isa = PBXFileReference; explicitFileType = wrapper.framework; includeInIndex = 0; path = Pods_TaxiApp.framework; sourceTree = BUILT_PRODUCTS_DIR; };
		9E49CDB3ABF8E51DABE052D2 /* Pods-TaxiApp.debug.xcconfig */ = {isa = PBXFileReference; includeInIndex = 1; lastKnownFileType = text.xcconfig; name = "Pods-TaxiApp.debug.xcconfig"; path = "Pods/Target Support Files/Pods-TaxiApp/Pods-TaxiApp.debug.xcconfig"; sourceTree = "<group>"; };
		B52F40CCE088DB65AF5C9F6D /* Pods-TaxiAppUITests.debug.xcconfig */ = {isa = PBXFileReference; includeInIndex = 1; lastKnownFileType = text.xcconfig; name = "Pods-TaxiAppUITests.debug.xcconfig"; path = "Pods/Target Support Files/Pods-TaxiAppUITests/Pods-TaxiAppUITests.debug.xcconfig"; sourceTree = "<group>"; };
		C604311F22BA78A800B87CEB /* RoundedCornerTextField.swift */ = {isa = PBXFileReference; lastKnownFileType = sourcecode.swift; path = RoundedCornerTextField.swift; sourceTree = "<group>"; };
		C60F5AC122BF768600EE1460 /* UIViewControllerExtension.swift */ = {isa = PBXFileReference; lastKnownFileType = sourcecode.swift; path = UIViewControllerExtension.swift; sourceTree = "<group>"; };
		C639448822BAFBC00093C641 /* DataService.swift */ = {isa = PBXFileReference; lastKnownFileType = sourcecode.swift; path = DataService.swift; sourceTree = "<group>"; };
		C639BA7722BF61EC007207EF /* CarTypeTableViewCell.swift */ = {isa = PBXFileReference; lastKnownFileType = sourcecode.swift; path = CarTypeTableViewCell.swift; sourceTree = "<group>"; };
		C64DDC0022B63BA8005C0C4E /* TaxiApp.app */ = {isa = PBXFileReference; explicitFileType = wrapper.application; includeInIndex = 0; path = TaxiApp.app; sourceTree = BUILT_PRODUCTS_DIR; };
		C64DDC0322B63BA8005C0C4E /* AppDelegate.swift */ = {isa = PBXFileReference; lastKnownFileType = sourcecode.swift; path = AppDelegate.swift; sourceTree = "<group>"; };
		C64DDC0522B63BA8005C0C4E /* HomeViewController.swift */ = {isa = PBXFileReference; lastKnownFileType = sourcecode.swift; path = HomeViewController.swift; sourceTree = "<group>"; };
		C64DDC0822B63BA8005C0C4E /* Base */ = {isa = PBXFileReference; lastKnownFileType = file.storyboard; name = Base; path = Base.lproj/Main.storyboard; sourceTree = "<group>"; };
		C64DDC0B22B63BA8005C0C4E /* TaxiApp.xcdatamodel */ = {isa = PBXFileReference; lastKnownFileType = wrapper.xcdatamodel; path = TaxiApp.xcdatamodel; sourceTree = "<group>"; };
		C64DDC0D22B63BA9005C0C4E /* Assets.xcassets */ = {isa = PBXFileReference; lastKnownFileType = folder.assetcatalog; path = Assets.xcassets; sourceTree = "<group>"; };
		C64DDC1022B63BA9005C0C4E /* Base */ = {isa = PBXFileReference; lastKnownFileType = file.storyboard; name = Base; path = Base.lproj/LaunchScreen.storyboard; sourceTree = "<group>"; };
		C64DDC1222B63BA9005C0C4E /* Info.plist */ = {isa = PBXFileReference; lastKnownFileType = text.plist.xml; path = Info.plist; sourceTree = "<group>"; };
		C64DDC1722B63BA9005C0C4E /* TaxiAppTests.xctest */ = {isa = PBXFileReference; explicitFileType = wrapper.cfbundle; includeInIndex = 0; path = TaxiAppTests.xctest; sourceTree = BUILT_PRODUCTS_DIR; };
		C64DDC1B22B63BAA005C0C4E /* TaxiAppTests.swift */ = {isa = PBXFileReference; lastKnownFileType = sourcecode.swift; path = TaxiAppTests.swift; sourceTree = "<group>"; };
		C64DDC1D22B63BAA005C0C4E /* Info.plist */ = {isa = PBXFileReference; lastKnownFileType = text.plist.xml; path = Info.plist; sourceTree = "<group>"; };
		C64DDC2222B63BAA005C0C4E /* TaxiAppUITests.xctest */ = {isa = PBXFileReference; explicitFileType = wrapper.cfbundle; includeInIndex = 0; path = TaxiAppUITests.xctest; sourceTree = BUILT_PRODUCTS_DIR; };
		C64DDC2622B63BAA005C0C4E /* TaxiAppUITests.swift */ = {isa = PBXFileReference; lastKnownFileType = sourcecode.swift; path = TaxiAppUITests.swift; sourceTree = "<group>"; };
		C64DDC2822B63BAA005C0C4E /* Info.plist */ = {isa = PBXFileReference; lastKnownFileType = text.plist.xml; path = Info.plist; sourceTree = "<group>"; };
		C64DDC3822B63D0A005C0C4E /* GoogleService-Info.plist */ = {isa = PBXFileReference; fileEncoding = 4; lastKnownFileType = text.plist.xml; path = "GoogleService-Info.plist"; sourceTree = "<group>"; };
		C66EB6F022B9A89B00541197 /* RoundedPickerView.swift */ = {isa = PBXFileReference; lastKnownFileType = sourcecode.swift; path = RoundedPickerView.swift; sourceTree = "<group>"; };
		C67A9A5422C1FC9E00982E45 /* VisaPaymentViewController.swift */ = {isa = PBXFileReference; lastKnownFileType = sourcecode.swift; path = VisaPaymentViewController.swift; sourceTree = "<group>"; };
		C69201C522B951310032EE72 /* GradientView.swift */ = {isa = PBXFileReference; lastKnownFileType = sourcecode.swift; path = GradientView.swift; sourceTree = "<group>"; };
		C69201C722B95CE30032EE72 /* RoundImageView.swift */ = {isa = PBXFileReference; lastKnownFileType = sourcecode.swift; path = RoundImageView.swift; sourceTree = "<group>"; };
		C69201C922B95DFF0032EE72 /* RoundedShadowView.swift */ = {isa = PBXFileReference; lastKnownFileType = sourcecode.swift; path = RoundedShadowView.swift; sourceTree = "<group>"; };
		C69201CB22B95EF80032EE72 /* CircleView.swift */ = {isa = PBXFileReference; lastKnownFileType = sourcecode.swift; path = CircleView.swift; sourceTree = "<group>"; };
		C69201CD22B960E90032EE72 /* RoundedShadowButton.swift */ = {isa = PBXFileReference; lastKnownFileType = sourcecode.swift; path = RoundedShadowButton.swift; sourceTree = "<group>"; };
		C69201CF22B97BA90032EE72 /* LeftSidePanelViewController.swift */ = {isa = PBXFileReference; lastKnownFileType = sourcecode.swift; path = LeftSidePanelViewController.swift; sourceTree = "<group>"; };
		C69201D122B97CAC0032EE72 /* ContainerViewController.swift */ = {isa = PBXFileReference; lastKnownFileType = sourcecode.swift; path = ContainerViewController.swift; sourceTree = "<group>"; };
		C69201D422B97F6F0032EE72 /* CenterViewControllerDelegate.swift */ = {isa = PBXFileReference; lastKnownFileType = sourcecode.swift; path = CenterViewControllerDelegate.swift; sourceTree = "<group>"; };
		C697A73522BBC4F600BEBE45 /* LangAndPermissionsViewController.swift */ = {isa = PBXFileReference; lastKnownFileType = sourcecode.swift; path = LangAndPermissionsViewController.swift; sourceTree = "<group>"; };
		C697A73722BBCF6000BEBE45 /* UIButtonExtension.swift */ = {isa = PBXFileReference; lastKnownFileType = sourcecode.swift; path = UIButtonExtension.swift; sourceTree = "<group>"; };
		C697A73922BBEEB200BEBE45 /* UIAlertExtension.swift */ = {isa = PBXFileReference; lastKnownFileType = sourcecode.swift; path = UIAlertExtension.swift; sourceTree = "<group>"; };
		C6ABB6A422C1B00E00DE7414 /* ActionSheetExtension.swift */ = {isa = PBXFileReference; lastKnownFileType = sourcecode.swift; path = ActionSheetExtension.swift; sourceTree = "<group>"; };
		C6B4487922B9C75600358F77 /* UIViewExtension.swift */ = {isa = PBXFileReference; lastKnownFileType = sourcecode.swift; path = UIViewExtension.swift; sourceTree = "<group>"; };
		C6B4487B22B9C8C900358F77 /* LoginViewController.swift */ = {isa = PBXFileReference; lastKnownFileType = sourcecode.swift; path = LoginViewController.swift; sourceTree = "<group>"; };
		C6CCF75A22C04FD80084B008 /* AutoCompleteSearchViewController.swift */ = {isa = PBXFileReference; lastKnownFileType = sourcecode.swift; path = AutoCompleteSearchViewController.swift; sourceTree = "<group>"; };
		C6CCF75C22C055640084B008 /* RundedShadowUISearchBar.swift */ = {isa = PBXFileReference; lastKnownFileType = sourcecode.swift; path = RundedShadowUISearchBar.swift; sourceTree = "<group>"; };
		C6CCF75E22C059910084B008 /* ResultTableViewCell.swift */ = {isa = PBXFileReference; lastKnownFileType = sourcecode.swift; path = ResultTableViewCell.swift; sourceTree = "<group>"; };
		D6A6A63073AEAAD41C3850EB /* Pods-TaxiApp.release.xcconfig */ = {isa = PBXFileReference; includeInIndex = 1; lastKnownFileType = text.xcconfig; name = "Pods-TaxiApp.release.xcconfig"; path = "Pods/Target Support Files/Pods-TaxiApp/Pods-TaxiApp.release.xcconfig"; sourceTree = "<group>"; };
/* End PBXFileReference section */

/* Begin PBXFrameworksBuildPhase section */
		C64DDBFD22B63BA8005C0C4E /* Frameworks */ = {
			isa = PBXFrameworksBuildPhase;
			buildActionMask = 2147483647;
			files = (
				3DF825733343411B5E10FCF2 /* Pods_TaxiApp.framework in Frameworks */,
			);
			runOnlyForDeploymentPostprocessing = 0;
		};
		C64DDC1422B63BA9005C0C4E /* Frameworks */ = {
			isa = PBXFrameworksBuildPhase;
			buildActionMask = 2147483647;
			files = (
				DB9ABB12F6D693E327C11B70 /* Pods_TaxiAppTests.framework in Frameworks */,
			);
			runOnlyForDeploymentPostprocessing = 0;
		};
		C64DDC1F22B63BAA005C0C4E /* Frameworks */ = {
			isa = PBXFrameworksBuildPhase;
			buildActionMask = 2147483647;
			files = (
				A03C0F2BEDFC48F963CA2CB4 /* Pods_TaxiAppUITests.framework in Frameworks */,
			);
			runOnlyForDeploymentPostprocessing = 0;
		};
/* End PBXFrameworksBuildPhase section */

/* Begin PBXGroup section */
		39D2E7E4031E778647FC39E9 /* Frameworks */ = {
			isa = PBXGroup;
			children = (
				759B90C027908192DCD52551 /* Pods_TaxiApp.framework */,
				31ECFB32BDA4DD44FA31C1CC /* Pods_TaxiAppTests.framework */,
				05E2A88B094607D85C1EDFA3 /* Pods_TaxiAppUITests.framework */,
			);
			name = Frameworks;
			sourceTree = "<group>";
		};
		B799B7BB7D7D9BA8E30DAF49 /* Pods */ = {
			isa = PBXGroup;
			children = (
				9E49CDB3ABF8E51DABE052D2 /* Pods-TaxiApp.debug.xcconfig */,
				D6A6A63073AEAAD41C3850EB /* Pods-TaxiApp.release.xcconfig */,
				18F81D70FC60B7B848E6D13B /* Pods-TaxiAppTests.debug.xcconfig */,
				1416252352498F9D73A8CEA2 /* Pods-TaxiAppTests.release.xcconfig */,
				B52F40CCE088DB65AF5C9F6D /* Pods-TaxiAppUITests.debug.xcconfig */,
				5DCFBF4E4F3C0ECD7242C406 /* Pods-TaxiAppUITests.release.xcconfig */,
			);
			name = Pods;
			sourceTree = "<group>";
		};
		C639448722BAFB9B0093C641 /* Services */ = {
			isa = PBXGroup;
			children = (
				C639448822BAFBC00093C641 /* DataService.swift */,
			);
			path = Services;
			sourceTree = "<group>";
		};
		C64DDBF722B63BA8005C0C4E = {
			isa = PBXGroup;
			children = (
				C64DDC0222B63BA8005C0C4E /* TaxiApp */,
				C64DDC1A22B63BA9005C0C4E /* TaxiAppTests */,
				C64DDC2522B63BAA005C0C4E /* TaxiAppUITests */,
				C64DDC0122B63BA8005C0C4E /* Products */,
				B799B7BB7D7D9BA8E30DAF49 /* Pods */,
				39D2E7E4031E778647FC39E9 /* Frameworks */,
			);
			sourceTree = "<group>";
		};
		C64DDC0122B63BA8005C0C4E /* Products */ = {
			isa = PBXGroup;
			children = (
				C64DDC0022B63BA8005C0C4E /* TaxiApp.app */,
				C64DDC1722B63BA9005C0C4E /* TaxiAppTests.xctest */,
				C64DDC2222B63BAA005C0C4E /* TaxiAppUITests.xctest */,
			);
			name = Products;
			sourceTree = "<group>";
		};
		C64DDC0222B63BA8005C0C4E /* TaxiApp */ = {
			isa = PBXGroup;
			children = (
				C64DDC0722B63BA8005C0C4E /* Main.storyboard */,
				C64DDC3522B63BF9005C0C4E /* Controllers */,
				C64DDC3622B63C0B005C0C4E /* Models */,
				C6B4487822B9C72500358F77 /* Extensions */,
				C64DDC3722B63C1F005C0C4E /* Views */,
				C69201D322B97F4C0032EE72 /* Protocols */,
				C639448722BAFB9B0093C641 /* Services */,
				C64DDC3422B63BDC005C0C4E /* SupportingFiles */,
				C64DDC1222B63BA9005C0C4E /* Info.plist */,
				C64DDC3822B63D0A005C0C4E /* GoogleService-Info.plist */,
				C64DDC0A22B63BA8005C0C4E /* TaxiApp.xcdatamodeld */,
			);
			path = TaxiApp;
			sourceTree = "<group>";
		};
		C64DDC1A22B63BA9005C0C4E /* TaxiAppTests */ = {
			isa = PBXGroup;
			children = (
				C64DDC1B22B63BAA005C0C4E /* TaxiAppTests.swift */,
				C64DDC1D22B63BAA005C0C4E /* Info.plist */,
			);
			path = TaxiAppTests;
			sourceTree = "<group>";
		};
		C64DDC2522B63BAA005C0C4E /* TaxiAppUITests */ = {
			isa = PBXGroup;
			children = (
				C64DDC2622B63BAA005C0C4E /* TaxiAppUITests.swift */,
				C64DDC2822B63BAA005C0C4E /* Info.plist */,
			);
			path = TaxiAppUITests;
			sourceTree = "<group>";
		};
		C64DDC3422B63BDC005C0C4E /* SupportingFiles */ = {
			isa = PBXGroup;
			children = (
				C64DDC0322B63BA8005C0C4E /* AppDelegate.swift */,
				C64DDC0D22B63BA9005C0C4E /* Assets.xcassets */,
				C64DDC0F22B63BA9005C0C4E /* LaunchScreen.storyboard */,
			);
			path = SupportingFiles;
			sourceTree = "<group>";
		};
		C64DDC3522B63BF9005C0C4E /* Controllers */ = {
			isa = PBXGroup;
			children = (
				C69201D122B97CAC0032EE72 /* ContainerViewController.swift */,
				C69201CF22B97BA90032EE72 /* LeftSidePanelViewController.swift */,
				C6B4487B22B9C8C900358F77 /* LoginViewController.swift */,
				C697A73522BBC4F600BEBE45 /* LangAndPermissionsViewController.swift */,
				C64DDC0522B63BA8005C0C4E /* HomeViewController.swift */,
				C6CCF75A22C04FD80084B008 /* AutoCompleteSearchViewController.swift */,
				C67A9A5422C1FC9E00982E45 /* VisaPaymentViewController.swift */,
			);
			path = Controllers;
			sourceTree = "<group>";
		};
		C64DDC3622B63C0B005C0C4E /* Models */ = {
			isa = PBXGroup;
			children = (
			);
			path = Models;
			sourceTree = "<group>";
		};
		C64DDC3722B63C1F005C0C4E /* Views */ = {
			isa = PBXGroup;
			children = (
				C69201C522B951310032EE72 /* GradientView.swift */,
				C69201C722B95CE30032EE72 /* RoundImageView.swift */,
				C69201C922B95DFF0032EE72 /* RoundedShadowView.swift */,
				C69201CB22B95EF80032EE72 /* CircleView.swift */,
				C69201CD22B960E90032EE72 /* RoundedShadowButton.swift */,
				C66EB6F022B9A89B00541197 /* RoundedPickerView.swift */,
				C604311F22BA78A800B87CEB /* RoundedCornerTextField.swift */,
				C6CCF75C22C055640084B008 /* RundedShadowUISearchBar.swift */,
				C639BA7722BF61EC007207EF /* CarTypeTableViewCell.swift */,
				C6CCF75E22C059910084B008 /* ResultTableViewCell.swift */,
			);
			path = Views;
			sourceTree = "<group>";
		};
		C69201D322B97F4C0032EE72 /* Protocols */ = {
			isa = PBXGroup;
			children = (
				C69201D422B97F6F0032EE72 /* CenterViewControllerDelegate.swift */,
			);
			path = Protocols;
			sourceTree = "<group>";
		};
		C6B4487822B9C72500358F77 /* Extensions */ = {
			isa = PBXGroup;
			children = (
				C6B4487922B9C75600358F77 /* UIViewExtension.swift */,
				C697A73722BBCF6000BEBE45 /* UIButtonExtension.swift */,
				C697A73922BBEEB200BEBE45 /* UIAlertExtension.swift */,
				C60F5AC122BF768600EE1460 /* UIViewControllerExtension.swift */,
				C6ABB6A422C1B00E00DE7414 /* ActionSheetExtension.swift */,
			);
			path = Extensions;
			sourceTree = "<group>";
		};
/* End PBXGroup section */

/* Begin PBXNativeTarget section */
		C64DDBFF22B63BA8005C0C4E /* TaxiApp */ = {
			isa = PBXNativeTarget;
			buildConfigurationList = C64DDC2B22B63BAA005C0C4E /* Build configuration list for PBXNativeTarget "TaxiApp" */;
			buildPhases = (
				002A53B5EE49034F2D7FE62F /* [CP] Check Pods Manifest.lock */,
				C64DDBFC22B63BA8005C0C4E /* Sources */,
				C64DDBFD22B63BA8005C0C4E /* Frameworks */,
				C64DDBFE22B63BA8005C0C4E /* Resources */,
				30C29406245EB258A2A7667E /* [CP] Embed Pods Frameworks */,
				5A8B25B17617D7F9B12011B3 /* [CP] Copy Pods Resources */,
			);
			buildRules = (
			);
			dependencies = (
			);
			name = TaxiApp;
			productName = TaxiApp;
			productReference = C64DDC0022B63BA8005C0C4E /* TaxiApp.app */;
			productType = "com.apple.product-type.application";
		};
		C64DDC1622B63BA9005C0C4E /* TaxiAppTests */ = {
			isa = PBXNativeTarget;
			buildConfigurationList = C64DDC2E22B63BAA005C0C4E /* Build configuration list for PBXNativeTarget "TaxiAppTests" */;
			buildPhases = (
				C0A5DAC1A1C47C3F0DF5824E /* [CP] Check Pods Manifest.lock */,
				C64DDC1322B63BA9005C0C4E /* Sources */,
				C64DDC1422B63BA9005C0C4E /* Frameworks */,
				C64DDC1522B63BA9005C0C4E /* Resources */,
			);
			buildRules = (
			);
			dependencies = (
				C64DDC1922B63BA9005C0C4E /* PBXTargetDependency */,
			);
			name = TaxiAppTests;
			productName = TaxiAppTests;
			productReference = C64DDC1722B63BA9005C0C4E /* TaxiAppTests.xctest */;
			productType = "com.apple.product-type.bundle.unit-test";
		};
		C64DDC2122B63BAA005C0C4E /* TaxiAppUITests */ = {
			isa = PBXNativeTarget;
			buildConfigurationList = C64DDC3122B63BAA005C0C4E /* Build configuration list for PBXNativeTarget "TaxiAppUITests" */;
			buildPhases = (
				708374B1239E155CC85FEA87 /* [CP] Check Pods Manifest.lock */,
				C64DDC1E22B63BAA005C0C4E /* Sources */,
				C64DDC1F22B63BAA005C0C4E /* Frameworks */,
				C64DDC2022B63BAA005C0C4E /* Resources */,
			);
			buildRules = (
			);
			dependencies = (
				C64DDC2422B63BAA005C0C4E /* PBXTargetDependency */,
			);
			name = TaxiAppUITests;
			productName = TaxiAppUITests;
			productReference = C64DDC2222B63BAA005C0C4E /* TaxiAppUITests.xctest */;
			productType = "com.apple.product-type.bundle.ui-testing";
		};
/* End PBXNativeTarget section */

/* Begin PBXProject section */
		C64DDBF822B63BA8005C0C4E /* Project object */ = {
			isa = PBXProject;
			attributes = {
				LastSwiftUpdateCheck = 1010;
				LastUpgradeCheck = 1010;
				ORGANIZATIONNAME = "Loay Productions";
				TargetAttributes = {
					C64DDBFF22B63BA8005C0C4E = {
						CreatedOnToolsVersion = 10.1;
					};
					C64DDC1622B63BA9005C0C4E = {
						CreatedOnToolsVersion = 10.1;
						TestTargetID = C64DDBFF22B63BA8005C0C4E;
					};
					C64DDC2122B63BAA005C0C4E = {
						CreatedOnToolsVersion = 10.1;
						TestTargetID = C64DDBFF22B63BA8005C0C4E;
					};
				};
			};
			buildConfigurationList = C64DDBFB22B63BA8005C0C4E /* Build configuration list for PBXProject "TaxiApp" */;
			compatibilityVersion = "Xcode 9.3";
			developmentRegion = en;
			hasScannedForEncodings = 0;
			knownRegions = (
				en,
				Base,
			);
			mainGroup = C64DDBF722B63BA8005C0C4E;
			productRefGroup = C64DDC0122B63BA8005C0C4E /* Products */;
			projectDirPath = "";
			projectRoot = "";
			targets = (
				C64DDBFF22B63BA8005C0C4E /* TaxiApp */,
				C64DDC1622B63BA9005C0C4E /* TaxiAppTests */,
				C64DDC2122B63BAA005C0C4E /* TaxiAppUITests */,
			);
		};
/* End PBXProject section */

/* Begin PBXResourcesBuildPhase section */
		C64DDBFE22B63BA8005C0C4E /* Resources */ = {
			isa = PBXResourcesBuildPhase;
			buildActionMask = 2147483647;
			files = (
				C64DDC1122B63BA9005C0C4E /* LaunchScreen.storyboard in Resources */,
				C64DDC3922B63D0A005C0C4E /* GoogleService-Info.plist in Resources */,
				C64DDC0E22B63BA9005C0C4E /* Assets.xcassets in Resources */,
				C64DDC0922B63BA8005C0C4E /* Main.storyboard in Resources */,
			);
			runOnlyForDeploymentPostprocessing = 0;
		};
		C64DDC1522B63BA9005C0C4E /* Resources */ = {
			isa = PBXResourcesBuildPhase;
			buildActionMask = 2147483647;
			files = (
			);
			runOnlyForDeploymentPostprocessing = 0;
		};
		C64DDC2022B63BAA005C0C4E /* Resources */ = {
			isa = PBXResourcesBuildPhase;
			buildActionMask = 2147483647;
			files = (
			);
			runOnlyForDeploymentPostprocessing = 0;
		};
/* End PBXResourcesBuildPhase section */

/* Begin PBXShellScriptBuildPhase section */
		002A53B5EE49034F2D7FE62F /* [CP] Check Pods Manifest.lock */ = {
			isa = PBXShellScriptBuildPhase;
			buildActionMask = 2147483647;
			files = (
			);
			inputFileListPaths = (
			);
			inputPaths = (
				"${PODS_PODFILE_DIR_PATH}/Podfile.lock",
				"${PODS_ROOT}/Manifest.lock",
			);
			name = "[CP] Check Pods Manifest.lock";
			outputFileListPaths = (
			);
			outputPaths = (
				"$(DERIVED_FILE_DIR)/Pods-TaxiApp-checkManifestLockResult.txt",
			);
			runOnlyForDeploymentPostprocessing = 0;
			shellPath = /bin/sh;
			shellScript = "diff \"${PODS_PODFILE_DIR_PATH}/Podfile.lock\" \"${PODS_ROOT}/Manifest.lock\" > /dev/null\nif [ $? != 0 ] ; then\n    # print error to STDERR\n    echo \"error: The sandbox is not in sync with the Podfile.lock. Run 'pod install' or update your CocoaPods installation.\" >&2\n    exit 1\nfi\n# This output is used by Xcode 'outputs' to avoid re-running this script phase.\necho \"SUCCESS\" > \"${SCRIPT_OUTPUT_FILE_0}\"\n";
			showEnvVarsInLog = 0;
		};
		30C29406245EB258A2A7667E /* [CP] Embed Pods Frameworks */ = {
			isa = PBXShellScriptBuildPhase;
			buildActionMask = 2147483647;
			files = (
			);
			inputFileListPaths = (
			);
			inputPaths = (
				"${SRCROOT}/Pods/Target Support Files/Pods-TaxiApp/Pods-TaxiApp-frameworks.sh",
				"${BUILT_PRODUCTS_DIR}/Bolts/Bolts.framework",
				"${BUILT_PRODUCTS_DIR}/FBSDKCoreKit/FBSDKCoreKit.framework",
				"${BUILT_PRODUCTS_DIR}/FBSDKLoginKit/FBSDKLoginKit.framework",
				"${BUILT_PRODUCTS_DIR}/FacebookCore/FacebookCore.framework",
				"${BUILT_PRODUCTS_DIR}/FacebookLogin/FacebookLogin.framework",
				"${BUILT_PRODUCTS_DIR}/GTMSessionFetcher/GTMSessionFetcher.framework",
				"${BUILT_PRODUCTS_DIR}/GoogleUtilities/GoogleUtilities.framework",
				"${BUILT_PRODUCTS_DIR}/RSSelectionMenu/RSSelectionMenu.framework",
				"${BUILT_PRODUCTS_DIR}/RevealingSplashView/RevealingSplashView.framework",
				"${BUILT_PRODUCTS_DIR}/Stripe/Stripe.framework",
				"${BUILT_PRODUCTS_DIR}/leveldb-library/leveldb.framework",
				"${BUILT_PRODUCTS_DIR}/nanopb/nanopb.framework",
			);
			name = "[CP] Embed Pods Frameworks";
			outputFileListPaths = (
			);
			outputPaths = (
				"${TARGET_BUILD_DIR}/${FRAMEWORKS_FOLDER_PATH}/Bolts.framework",
				"${TARGET_BUILD_DIR}/${FRAMEWORKS_FOLDER_PATH}/FBSDKCoreKit.framework",
				"${TARGET_BUILD_DIR}/${FRAMEWORKS_FOLDER_PATH}/FBSDKLoginKit.framework",
				"${TARGET_BUILD_DIR}/${FRAMEWORKS_FOLDER_PATH}/FacebookCore.framework",
				"${TARGET_BUILD_DIR}/${FRAMEWORKS_FOLDER_PATH}/FacebookLogin.framework",
				"${TARGET_BUILD_DIR}/${FRAMEWORKS_FOLDER_PATH}/GTMSessionFetcher.framework",
				"${TARGET_BUILD_DIR}/${FRAMEWORKS_FOLDER_PATH}/GoogleUtilities.framework",
				"${TARGET_BUILD_DIR}/${FRAMEWORKS_FOLDER_PATH}/RSSelectionMenu.framework",
				"${TARGET_BUILD_DIR}/${FRAMEWORKS_FOLDER_PATH}/RevealingSplashView.framework",
				"${TARGET_BUILD_DIR}/${FRAMEWORKS_FOLDER_PATH}/Stripe.framework",
				"${TARGET_BUILD_DIR}/${FRAMEWORKS_FOLDER_PATH}/leveldb.framework",
				"${TARGET_BUILD_DIR}/${FRAMEWORKS_FOLDER_PATH}/nanopb.framework",
			);
			runOnlyForDeploymentPostprocessing = 0;
			shellPath = /bin/sh;
			shellScript = "\"${SRCROOT}/Pods/Target Support Files/Pods-TaxiApp/Pods-TaxiApp-frameworks.sh\"\n";
			showEnvVarsInLog = 0;
		};
		5A8B25B17617D7F9B12011B3 /* [CP] Copy Pods Resources */ = {
			isa = PBXShellScriptBuildPhase;
			buildActionMask = 2147483647;
			files = (
			);
			inputFileListPaths = (
			);
			inputPaths = (
				"${SRCROOT}/Pods/Target Support Files/Pods-TaxiApp/Pods-TaxiApp-resources.sh",
				"${PODS_CONFIGURATION_BUILD_DIR}/FirebaseUI/FirebaseAuthUI.bundle",
				"${PODS_ROOT}/GoogleMaps/Maps/Frameworks/GoogleMaps.framework/Resources/GoogleMaps.bundle",
				"${PODS_ROOT}/GooglePlaces/Frameworks/GooglePlaces.framework/Resources/GooglePlaces.bundle",
			);
			name = "[CP] Copy Pods Resources";
			outputFileListPaths = (
			);
			outputPaths = (
				"${TARGET_BUILD_DIR}/${UNLOCALIZED_RESOURCES_FOLDER_PATH}/FirebaseAuthUI.bundle",
				"${TARGET_BUILD_DIR}/${UNLOCALIZED_RESOURCES_FOLDER_PATH}/GoogleMaps.bundle",
				"${TARGET_BUILD_DIR}/${UNLOCALIZED_RESOURCES_FOLDER_PATH}/GooglePlaces.bundle",
			);
			runOnlyForDeploymentPostprocessing = 0;
			shellPath = /bin/sh;
			shellScript = "\"${SRCROOT}/Pods/Target Support Files/Pods-TaxiApp/Pods-TaxiApp-resources.sh\"\n";
			showEnvVarsInLog = 0;
		};
		708374B1239E155CC85FEA87 /* [CP] Check Pods Manifest.lock */ = {
			isa = PBXShellScriptBuildPhase;
			buildActionMask = 2147483647;
			files = (
			);
			inputFileListPaths = (
			);
			inputPaths = (
				"${PODS_PODFILE_DIR_PATH}/Podfile.lock",
				"${PODS_ROOT}/Manifest.lock",
			);
			name = "[CP] Check Pods Manifest.lock";
			outputFileListPaths = (
			);
			outputPaths = (
				"$(DERIVED_FILE_DIR)/Pods-TaxiAppUITests-checkManifestLockResult.txt",
			);
			runOnlyForDeploymentPostprocessing = 0;
			shellPath = /bin/sh;
			shellScript = "diff \"${PODS_PODFILE_DIR_PATH}/Podfile.lock\" \"${PODS_ROOT}/Manifest.lock\" > /dev/null\nif [ $? != 0 ] ; then\n    # print error to STDERR\n    echo \"error: The sandbox is not in sync with the Podfile.lock. Run 'pod install' or update your CocoaPods installation.\" >&2\n    exit 1\nfi\n# This output is used by Xcode 'outputs' to avoid re-running this script phase.\necho \"SUCCESS\" > \"${SCRIPT_OUTPUT_FILE_0}\"\n";
			showEnvVarsInLog = 0;
		};
		C0A5DAC1A1C47C3F0DF5824E /* [CP] Check Pods Manifest.lock */ = {
			isa = PBXShellScriptBuildPhase;
			buildActionMask = 2147483647;
			files = (
			);
			inputFileListPaths = (
			);
			inputPaths = (
				"${PODS_PODFILE_DIR_PATH}/Podfile.lock",
				"${PODS_ROOT}/Manifest.lock",
			);
			name = "[CP] Check Pods Manifest.lock";
			outputFileListPaths = (
			);
			outputPaths = (
				"$(DERIVED_FILE_DIR)/Pods-TaxiAppTests-checkManifestLockResult.txt",
			);
			runOnlyForDeploymentPostprocessing = 0;
			shellPath = /bin/sh;
			shellScript = "diff \"${PODS_PODFILE_DIR_PATH}/Podfile.lock\" \"${PODS_ROOT}/Manifest.lock\" > /dev/null\nif [ $? != 0 ] ; then\n    # print error to STDERR\n    echo \"error: The sandbox is not in sync with the Podfile.lock. Run 'pod install' or update your CocoaPods installation.\" >&2\n    exit 1\nfi\n# This output is used by Xcode 'outputs' to avoid re-running this script phase.\necho \"SUCCESS\" > \"${SCRIPT_OUTPUT_FILE_0}\"\n";
			showEnvVarsInLog = 0;
		};
/* End PBXShellScriptBuildPhase section */

/* Begin PBXSourcesBuildPhase section */
		C64DDBFC22B63BA8005C0C4E /* Sources */ = {
			isa = PBXSourcesBuildPhase;
			buildActionMask = 2147483647;
			files = (
				C69201D022B97BA90032EE72 /* LeftSidePanelViewController.swift in Sources */,
				C69201C822B95CE30032EE72 /* RoundImageView.swift in Sources */,
				C6CCF75B22C04FD80084B008 /* AutoCompleteSearchViewController.swift in Sources */,
				C66EB6F122B9A89B00541197 /* RoundedPickerView.swift in Sources */,
				C6B4487C22B9C8C900358F77 /* LoginViewController.swift in Sources */,
				C69201D222B97CAC0032EE72 /* ContainerViewController.swift in Sources */,
				C60F5AC222BF768600EE1460 /* UIViewControllerExtension.swift in Sources */,
				C697A73822BBCF6000BEBE45 /* UIButtonExtension.swift in Sources */,
				C6ABB6A522C1B00E00DE7414 /* ActionSheetExtension.swift in Sources */,
				C6CCF75D22C055640084B008 /* RundedShadowUISearchBar.swift in Sources */,
				C6B4487A22B9C75600358F77 /* UIViewExtension.swift in Sources */,
				C64DDC0622B63BA8005C0C4E /* HomeViewController.swift in Sources */,
				C69201CA22B95DFF0032EE72 /* RoundedShadowView.swift in Sources */,
				C697A73A22BBEEB200BEBE45 /* UIAlertExtension.swift in Sources */,
				C604312022BA78A800B87CEB /* RoundedCornerTextField.swift in Sources */,
				C64DDC0C22B63BA8005C0C4E /* TaxiApp.xcdatamodeld in Sources */,
				C69201C622B951310032EE72 /* GradientView.swift in Sources */,
				C69201CC22B95EF80032EE72 /* CircleView.swift in Sources */,
				C67A9A5522C1FC9E00982E45 /* VisaPaymentViewController.swift in Sources */,
				C697A73622BBC4F600BEBE45 /* LangAndPermissionsViewController.swift in Sources */,
				C64DDC0422B63BA8005C0C4E /* AppDelegate.swift in Sources */,
				C639BA7822BF61EC007207EF /* CarTypeTableViewCell.swift in Sources */,
				C69201CE22B960E90032EE72 /* RoundedShadowButton.swift in Sources */,
				C69201D522B97F6F0032EE72 /* CenterViewControllerDelegate.swift in Sources */,
				C6CCF75F22C059910084B008 /* ResultTableViewCell.swift in Sources */,
				C639448922BAFBC00093C641 /* DataService.swift in Sources */,
			);
			runOnlyForDeploymentPostprocessing = 0;
		};
		C64DDC1322B63BA9005C0C4E /* Sources */ = {
			isa = PBXSourcesBuildPhase;
			buildActionMask = 2147483647;
			files = (
				C64DDC1C22B63BAA005C0C4E /* TaxiAppTests.swift in Sources */,
			);
			runOnlyForDeploymentPostprocessing = 0;
		};
		C64DDC1E22B63BAA005C0C4E /* Sources */ = {
			isa = PBXSourcesBuildPhase;
			buildActionMask = 2147483647;
			files = (
				C64DDC2722B63BAA005C0C4E /* TaxiAppUITests.swift in Sources */,
			);
			runOnlyForDeploymentPostprocessing = 0;
		};
/* End PBXSourcesBuildPhase section */

/* Begin PBXTargetDependency section */
		C64DDC1922B63BA9005C0C4E /* PBXTargetDependency */ = {
			isa = PBXTargetDependency;
			target = C64DDBFF22B63BA8005C0C4E /* TaxiApp */;
			targetProxy = C64DDC1822B63BA9005C0C4E /* PBXContainerItemProxy */;
		};
		C64DDC2422B63BAA005C0C4E /* PBXTargetDependency */ = {
			isa = PBXTargetDependency;
			target = C64DDBFF22B63BA8005C0C4E /* TaxiApp */;
			targetProxy = C64DDC2322B63BAA005C0C4E /* PBXContainerItemProxy */;
		};
/* End PBXTargetDependency section */

/* Begin PBXVariantGroup section */
		C64DDC0722B63BA8005C0C4E /* Main.storyboard */ = {
			isa = PBXVariantGroup;
			children = (
				C64DDC0822B63BA8005C0C4E /* Base */,
			);
			name = Main.storyboard;
			sourceTree = "<group>";
		};
		C64DDC0F22B63BA9005C0C4E /* LaunchScreen.storyboard */ = {
			isa = PBXVariantGroup;
			children = (
				C64DDC1022B63BA9005C0C4E /* Base */,
			);
			name = LaunchScreen.storyboard;
			sourceTree = "<group>";
		};
/* End PBXVariantGroup section */

/* Begin XCBuildConfiguration section */
		C64DDC2922B63BAA005C0C4E /* Debug */ = {
			isa = XCBuildConfiguration;
			buildSettings = {
				ALWAYS_SEARCH_USER_PATHS = NO;
				CLANG_ANALYZER_NONNULL = YES;
				CLANG_ANALYZER_NUMBER_OBJECT_CONVERSION = YES_AGGRESSIVE;
				CLANG_CXX_LANGUAGE_STANDARD = "gnu++14";
				CLANG_CXX_LIBRARY = "libc++";
				CLANG_ENABLE_MODULES = YES;
				CLANG_ENABLE_OBJC_ARC = YES;
				CLANG_ENABLE_OBJC_WEAK = YES;
				CLANG_WARN_BLOCK_CAPTURE_AUTORELEASING = YES;
				CLANG_WARN_BOOL_CONVERSION = YES;
				CLANG_WARN_COMMA = YES;
				CLANG_WARN_CONSTANT_CONVERSION = YES;
				CLANG_WARN_DEPRECATED_OBJC_IMPLEMENTATIONS = YES;
				CLANG_WARN_DIRECT_OBJC_ISA_USAGE = YES_ERROR;
				CLANG_WARN_DOCUMENTATION_COMMENTS = YES;
				CLANG_WARN_EMPTY_BODY = YES;
				CLANG_WARN_ENUM_CONVERSION = YES;
				CLANG_WARN_INFINITE_RECURSION = YES;
				CLANG_WARN_INT_CONVERSION = YES;
				CLANG_WARN_NON_LITERAL_NULL_CONVERSION = YES;
				CLANG_WARN_OBJC_IMPLICIT_RETAIN_SELF = YES;
				CLANG_WARN_OBJC_LITERAL_CONVERSION = YES;
				CLANG_WARN_OBJC_ROOT_CLASS = YES_ERROR;
				CLANG_WARN_RANGE_LOOP_ANALYSIS = YES;
				CLANG_WARN_STRICT_PROTOTYPES = YES;
				CLANG_WARN_SUSPICIOUS_MOVE = YES;
				CLANG_WARN_UNGUARDED_AVAILABILITY = YES_AGGRESSIVE;
				CLANG_WARN_UNREACHABLE_CODE = YES;
				CLANG_WARN__DUPLICATE_METHOD_MATCH = YES;
				CODE_SIGN_IDENTITY = "iPhone Developer";
				COPY_PHASE_STRIP = NO;
				DEBUG_INFORMATION_FORMAT = dwarf;
				ENABLE_STRICT_OBJC_MSGSEND = YES;
				ENABLE_TESTABILITY = YES;
				GCC_C_LANGUAGE_STANDARD = gnu11;
				GCC_DYNAMIC_NO_PIC = NO;
				GCC_NO_COMMON_BLOCKS = YES;
				GCC_OPTIMIZATION_LEVEL = 0;
				GCC_PREPROCESSOR_DEFINITIONS = (
					"DEBUG=1",
					"$(inherited)",
				);
				GCC_WARN_64_TO_32_BIT_CONVERSION = YES;
				GCC_WARN_ABOUT_RETURN_TYPE = YES_ERROR;
				GCC_WARN_UNDECLARED_SELECTOR = YES;
				GCC_WARN_UNINITIALIZED_AUTOS = YES_AGGRESSIVE;
				GCC_WARN_UNUSED_FUNCTION = YES;
				GCC_WARN_UNUSED_VARIABLE = YES;
				IPHONEOS_DEPLOYMENT_TARGET = 12.1;
				MTL_ENABLE_DEBUG_INFO = INCLUDE_SOURCE;
				MTL_FAST_MATH = YES;
				ONLY_ACTIVE_ARCH = YES;
				SDKROOT = iphoneos;
				SWIFT_ACTIVE_COMPILATION_CONDITIONS = DEBUG;
				SWIFT_OPTIMIZATION_LEVEL = "-Onone";
			};
			name = Debug;
		};
		C64DDC2A22B63BAA005C0C4E /* Release */ = {
			isa = XCBuildConfiguration;
			buildSettings = {
				ALWAYS_SEARCH_USER_PATHS = NO;
				CLANG_ANALYZER_NONNULL = YES;
				CLANG_ANALYZER_NUMBER_OBJECT_CONVERSION = YES_AGGRESSIVE;
				CLANG_CXX_LANGUAGE_STANDARD = "gnu++14";
				CLANG_CXX_LIBRARY = "libc++";
				CLANG_ENABLE_MODULES = YES;
				CLANG_ENABLE_OBJC_ARC = YES;
				CLANG_ENABLE_OBJC_WEAK = YES;
				CLANG_WARN_BLOCK_CAPTURE_AUTORELEASING = YES;
				CLANG_WARN_BOOL_CONVERSION = YES;
				CLANG_WARN_COMMA = YES;
				CLANG_WARN_CONSTANT_CONVERSION = YES;
				CLANG_WARN_DEPRECATED_OBJC_IMPLEMENTATIONS = YES;
				CLANG_WARN_DIRECT_OBJC_ISA_USAGE = YES_ERROR;
				CLANG_WARN_DOCUMENTATION_COMMENTS = YES;
				CLANG_WARN_EMPTY_BODY = YES;
				CLANG_WARN_ENUM_CONVERSION = YES;
				CLANG_WARN_INFINITE_RECURSION = YES;
				CLANG_WARN_INT_CONVERSION = YES;
				CLANG_WARN_NON_LITERAL_NULL_CONVERSION = YES;
				CLANG_WARN_OBJC_IMPLICIT_RETAIN_SELF = YES;
				CLANG_WARN_OBJC_LITERAL_CONVERSION = YES;
				CLANG_WARN_OBJC_ROOT_CLASS = YES_ERROR;
				CLANG_WARN_RANGE_LOOP_ANALYSIS = YES;
				CLANG_WARN_STRICT_PROTOTYPES = YES;
				CLANG_WARN_SUSPICIOUS_MOVE = YES;
				CLANG_WARN_UNGUARDED_AVAILABILITY = YES_AGGRESSIVE;
				CLANG_WARN_UNREACHABLE_CODE = YES;
				CLANG_WARN__DUPLICATE_METHOD_MATCH = YES;
				CODE_SIGN_IDENTITY = "iPhone Developer";
				COPY_PHASE_STRIP = NO;
				DEBUG_INFORMATION_FORMAT = "dwarf-with-dsym";
				ENABLE_NS_ASSERTIONS = NO;
				ENABLE_STRICT_OBJC_MSGSEND = YES;
				GCC_C_LANGUAGE_STANDARD = gnu11;
				GCC_NO_COMMON_BLOCKS = YES;
				GCC_WARN_64_TO_32_BIT_CONVERSION = YES;
				GCC_WARN_ABOUT_RETURN_TYPE = YES_ERROR;
				GCC_WARN_UNDECLARED_SELECTOR = YES;
				GCC_WARN_UNINITIALIZED_AUTOS = YES_AGGRESSIVE;
				GCC_WARN_UNUSED_FUNCTION = YES;
				GCC_WARN_UNUSED_VARIABLE = YES;
				IPHONEOS_DEPLOYMENT_TARGET = 12.1;
				MTL_ENABLE_DEBUG_INFO = NO;
				MTL_FAST_MATH = YES;
				SDKROOT = iphoneos;
				SWIFT_COMPILATION_MODE = wholemodule;
				SWIFT_OPTIMIZATION_LEVEL = "-O";
				VALIDATE_PRODUCT = YES;
			};
			name = Release;
		};
		C64DDC2C22B63BAA005C0C4E /* Debug */ = {
			isa = XCBuildConfiguration;
			baseConfigurationReference = 9E49CDB3ABF8E51DABE052D2 /* Pods-TaxiApp.debug.xcconfig */;
			buildSettings = {
				ASSETCATALOG_COMPILER_APPICON_NAME = AppIcon;
				CODE_SIGN_STYLE = Automatic;
				DEVELOPMENT_TEAM = ZR38GFGTY8;
				INFOPLIST_FILE = TaxiApp/Info.plist;
				LD_RUNPATH_SEARCH_PATHS = (
					"$(inherited)",
					"@executable_path/Frameworks",
				);
				PRODUCT_BUNDLE_IDENTIFIER = com.loaymansour15.TaxiApp;
				PRODUCT_NAME = "$(TARGET_NAME)";
				SWIFT_VERSION = 4.2;
				TARGETED_DEVICE_FAMILY = "1,2";
			};
			name = Debug;
		};
		C64DDC2D22B63BAA005C0C4E /* Release */ = {
			isa = XCBuildConfiguration;
			baseConfigurationReference = D6A6A63073AEAAD41C3850EB /* Pods-TaxiApp.release.xcconfig */;
			buildSettings = {
				ASSETCATALOG_COMPILER_APPICON_NAME = AppIcon;
				CODE_SIGN_STYLE = Automatic;
				DEVELOPMENT_TEAM = ZR38GFGTY8;
				INFOPLIST_FILE = TaxiApp/Info.plist;
				LD_RUNPATH_SEARCH_PATHS = (
					"$(inherited)",
					"@executable_path/Frameworks",
				);
				PRODUCT_BUNDLE_IDENTIFIER = com.loaymansour15.TaxiApp;
				PRODUCT_NAME = "$(TARGET_NAME)";
				SWIFT_VERSION = 4.2;
				TARGETED_DEVICE_FAMILY = "1,2";
			};
			name = Release;
		};
		C64DDC2F22B63BAA005C0C4E /* Debug */ = {
			isa = XCBuildConfiguration;
			baseConfigurationReference = 18F81D70FC60B7B848E6D13B /* Pods-TaxiAppTests.debug.xcconfig */;
			buildSettings = {
				ALWAYS_EMBED_SWIFT_STANDARD_LIBRARIES = YES;
				BUNDLE_LOADER = "$(TEST_HOST)";
				CODE_SIGN_STYLE = Automatic;
				DEVELOPMENT_TEAM = ZR38GFGTY8;
				INFOPLIST_FILE = TaxiAppTests/Info.plist;
				LD_RUNPATH_SEARCH_PATHS = (
					"$(inherited)",
					"@executable_path/Frameworks",
					"@loader_path/Frameworks",
				);
				PRODUCT_BUNDLE_IDENTIFIER = com.loaymansour15.TaxiAppTests;
				PRODUCT_NAME = "$(TARGET_NAME)";
				SWIFT_VERSION = 4.2;
				TARGETED_DEVICE_FAMILY = "1,2";
				TEST_HOST = "$(BUILT_PRODUCTS_DIR)/TaxiApp.app/TaxiApp";
			};
			name = Debug;
		};
		C64DDC3022B63BAA005C0C4E /* Release */ = {
			isa = XCBuildConfiguration;
			baseConfigurationReference = 1416252352498F9D73A8CEA2 /* Pods-TaxiAppTests.release.xcconfig */;
			buildSettings = {
				ALWAYS_EMBED_SWIFT_STANDARD_LIBRARIES = YES;
				BUNDLE_LOADER = "$(TEST_HOST)";
				CODE_SIGN_STYLE = Automatic;
				DEVELOPMENT_TEAM = ZR38GFGTY8;
				INFOPLIST_FILE = TaxiAppTests/Info.plist;
				LD_RUNPATH_SEARCH_PATHS = (
					"$(inherited)",
					"@executable_path/Frameworks",
					"@loader_path/Frameworks",
				);
				PRODUCT_BUNDLE_IDENTIFIER = com.loaymansour15.TaxiAppTests;
				PRODUCT_NAME = "$(TARGET_NAME)";
				SWIFT_VERSION = 4.2;
				TARGETED_DEVICE_FAMILY = "1,2";
				TEST_HOST = "$(BUILT_PRODUCTS_DIR)/TaxiApp.app/TaxiApp";
			};
			name = Release;
		};
		C64DDC3222B63BAA005C0C4E /* Debug */ = {
			isa = XCBuildConfiguration;
			baseConfigurationReference = B52F40CCE088DB65AF5C9F6D /* Pods-TaxiAppUITests.debug.xcconfig */;
			buildSettings = {
				ALWAYS_EMBED_SWIFT_STANDARD_LIBRARIES = YES;
				CODE_SIGN_STYLE = Automatic;
				DEVELOPMENT_TEAM = ZR38GFGTY8;
				INFOPLIST_FILE = TaxiAppUITests/Info.plist;
				LD_RUNPATH_SEARCH_PATHS = (
					"$(inherited)",
					"@executable_path/Frameworks",
					"@loader_path/Frameworks",
				);
				PRODUCT_BUNDLE_IDENTIFIER = com.loaymansour15.TaxiAppUITests;
				PRODUCT_NAME = "$(TARGET_NAME)";
				SWIFT_VERSION = 4.2;
				TARGETED_DEVICE_FAMILY = "1,2";
				TEST_TARGET_NAME = TaxiApp;
			};
			name = Debug;
		};
		C64DDC3322B63BAA005C0C4E /* Release */ = {
			isa = XCBuildConfiguration;
			baseConfigurationReference = 5DCFBF4E4F3C0ECD7242C406 /* Pods-TaxiAppUITests.release.xcconfig */;
			buildSettings = {
				ALWAYS_EMBED_SWIFT_STANDARD_LIBRARIES = YES;
				CODE_SIGN_STYLE = Automatic;
				DEVELOPMENT_TEAM = ZR38GFGTY8;
				INFOPLIST_FILE = TaxiAppUITests/Info.plist;
				LD_RUNPATH_SEARCH_PATHS = (
					"$(inherited)",
					"@executable_path/Frameworks",
					"@loader_path/Frameworks",
				);
				PRODUCT_BUNDLE_IDENTIFIER = com.loaymansour15.TaxiAppUITests;
				PRODUCT_NAME = "$(TARGET_NAME)";
				SWIFT_VERSION = 4.2;
				TARGETED_DEVICE_FAMILY = "1,2";
				TEST_TARGET_NAME = TaxiApp;
			};
			name = Release;
		};
/* End XCBuildConfiguration section */

/* Begin XCConfigurationList section */
		C64DDBFB22B63BA8005C0C4E /* Build configuration list for PBXProject "TaxiApp" */ = {
			isa = XCConfigurationList;
			buildConfigurations = (
				C64DDC2922B63BAA005C0C4E /* Debug */,
				C64DDC2A22B63BAA005C0C4E /* Release */,
			);
			defaultConfigurationIsVisible = 0;
			defaultConfigurationName = Release;
		};
		C64DDC2B22B63BAA005C0C4E /* Build configuration list for PBXNativeTarget "TaxiApp" */ = {
			isa = XCConfigurationList;
			buildConfigurations = (
				C64DDC2C22B63BAA005C0C4E /* Debug */,
				C64DDC2D22B63BAA005C0C4E /* Release */,
			);
			defaultConfigurationIsVisible = 0;
			defaultConfigurationName = Release;
		};
		C64DDC2E22B63BAA005C0C4E /* Build configuration list for PBXNativeTarget "TaxiAppTests" */ = {
			isa = XCConfigurationList;
			buildConfigurations = (
				C64DDC2F22B63BAA005C0C4E /* Debug */,
				C64DDC3022B63BAA005C0C4E /* Release */,
			);
			defaultConfigurationIsVisible = 0;
			defaultConfigurationName = Release;
		};
		C64DDC3122B63BAA005C0C4E /* Build configuration list for PBXNativeTarget "TaxiAppUITests" */ = {
			isa = XCConfigurationList;
			buildConfigurations = (
				C64DDC3222B63BAA005C0C4E /* Debug */,
				C64DDC3322B63BAA005C0C4E /* Release */,
			);
			defaultConfigurationIsVisible = 0;
			defaultConfigurationName = Release;
		};
/* End XCConfigurationList section */

/* Begin XCVersionGroup section */
		C64DDC0A22B63BA8005C0C4E /* TaxiApp.xcdatamodeld */ = {
			isa = XCVersionGroup;
			children = (
				C64DDC0B22B63BA8005C0C4E /* TaxiApp.xcdatamodel */,
			);
			currentVersion = C64DDC0B22B63BA8005C0C4E /* TaxiApp.xcdatamodel */;
			path = TaxiApp.xcdatamodeld;
			sourceTree = "<group>";
			versionGroupType = wrapper.xcdatamodel;
		};
/* End XCVersionGroup section */
	};
	rootObject = C64DDBF822B63BA8005C0C4E /* Project object */;
}
